
Microsoft Visual Studio Solution File, Format Version 12.00
# Visual Studio Version 17
VisualStudioVersion = 17.0.32014.148
MinimumVisualStudioVersion = 10.0.40219.1
Project("{9A19103F-16F7-4668-BE54-9A1E7A4F7556}") = "Metime", "Metime\Metime.csproj", "{56C6B64D-DC5C-453E-9B32-5B2B820BB480}"
EndProject
Project("{2150E333-8FDC-42A3-9474-1A3956D46DE8}") = "Tests", "Tests", "{8B9DCD08-AF1B-4761-ADED-C0F05B5AE411}"
EndProject
Project("{2150E333-8FDC-42A3-9474-1A3956D46DE8}") = "Examples", "Examples", "{7663452C-4259-4568-889C-B93BB7652E13}"
EndProject
Project("{9A19103F-16F7-4668-BE54-9A1E7A4F7556}") = "Metime.Models", "Metime.Models\Metime.Models.csproj", "{DE201FAC-8B31-49FE-95EA-FABE18E91CDF}"
EndProject
Project("{9A19103F-16F7-4668-BE54-9A1E7A4F7556}") = "Metime.Test", "Metime.Test\Metime.Test.csproj", "{730DF9CA-4B87-4898-8BD7-37AC19757A7B}"
EndProject
Project("{FAE04EC0-301F-11D3-BF4B-00C04F79EFBC}") = "Metime.Example", "Metime.Example\Metime.Example.csproj", "{89982DA7-D0C9-4F66-824E-666F5C3E9332}"
EndProject
Global
	GlobalSection(SolutionConfigurationPlatforms) = preSolution
		Debug|Any CPU = Debug|Any CPU
		Release|Any CPU = Release|Any CPU
	EndGlobalSection
	GlobalSection(ProjectConfigurationPlatforms) = postSolution
		{56C6B64D-DC5C-453E-9B32-5B2B820BB480}.Debug|Any CPU.ActiveCfg = Debug|Any CPU
		{56C6B64D-DC5C-453E-9B32-5B2B820BB480}.Debug|Any CPU.Build.0 = Debug|Any CPU
		{56C6B64D-DC5C-453E-9B32-5B2B820BB480}.Release|Any CPU.ActiveCfg = Release|Any CPU
		{56C6B64D-DC5C-453E-9B32-5B2B820BB480}.Release|Any CPU.Build.0 = Release|Any CPU
		{DE201FAC-8B31-49FE-95EA-FABE18E91CDF}.Debug|Any CPU.ActiveCfg = Debug|Any CPU
		{DE201FAC-8B31-49FE-95EA-FABE18E91CDF}.Debug|Any CPU.Build.0 = Debug|Any CPU
		{DE201FAC-8B31-49FE-95EA-FABE18E91CDF}.Release|Any CPU.ActiveCfg = Release|Any CPU
		{DE201FAC-8B31-49FE-95EA-FABE18E91CDF}.Release|Any CPU.Build.0 = Release|Any CPU
		{730DF9CA-4B87-4898-8BD7-37AC19757A7B}.Debug|Any CPU.ActiveCfg = Debug|Any CPU
		{730DF9CA-4B87-4898-8BD7-37AC19757A7B}.Debug|Any CPU.Build.0 = Debug|Any CPU
		{730DF9CA-4B87-4898-8BD7-37AC19757A7B}.Release|Any CPU.ActiveCfg = Release|Any CPU
		{730DF9CA-4B87-4898-8BD7-37AC19757A7B}.Release|Any CPU.Build.0 = Release|Any CPU
		{89982DA7-D0C9-4F66-824E-666F5C3E9332}.Debug|Any CPU.ActiveCfg = Debug|Any CPU
		{89982DA7-D0C9-4F66-824E-666F5C3E9332}.Debug|Any CPU.Build.0 = Debug|Any CPU
		{89982DA7-D0C9-4F66-824E-666F5C3E9332}.Release|Any CPU.ActiveCfg = Release|Any CPU
		{89982DA7-D0C9-4F66-824E-666F5C3E9332}.Release|Any CPU.Build.0 = Release|Any CPU
	EndGlobalSection
	GlobalSection(SolutionProperties) = preSolution
		HideSolutionNode = FALSE
	EndGlobalSection
	GlobalSection(NestedProjects) = preSolution
		{DE201FAC-8B31-49FE-95EA-FABE18E91CDF} = {7663452C-4259-4568-889C-B93BB7652E13}
		{730DF9CA-4B87-4898-8BD7-37AC19757A7B} = {8B9DCD08-AF1B-4761-ADED-C0F05B5AE411}
		{89982DA7-D0C9-4F66-824E-666F5C3E9332} = {7663452C-4259-4568-889C-B93BB7652E13}
	EndGlobalSection
	GlobalSection(ExtensibilityGlobals) = postSolution
		SolutionGuid = {6AFEF6FD-A9A9-4B5B-9740-972B48CB4B24}
	EndGlobalSection
EndGlobal
